
Microsoft Visual Studio Solution File, Format Version 12.00
# Visual Studio 15
Project("{FAE04EC0-301F-11D3-BF4B-00C04F79EFBC}") = "Unity.2D.Animation.Editor", "Unity.2D.Animation.Editor.csproj", "{A0C51752-5624-717C-22AA-54F6804E7FCA}"
EndProject
Project("{FAE04EC0-301F-11D3-BF4B-00C04F79EFBC}") = "Unity.2D.Tilemap.Editor", "Unity.2D.Tilemap.Editor.csproj", "{6E262A4D-A668-D55B-B189-640EF23F8E2C}"
EndProject
Project("{FAE04EC0-301F-11D3-BF4B-00C04F79EFBC}") = "Unity.Burst", "Unity.Burst.csproj", "{855C02E3-587C-D08A-8C6D-6A8A9B6A26EE}"
EndProject
Project("{FAE04EC0-301F-11D3-BF4B-00C04F79EFBC}") = "Unity.2D.Aseprite.Editor", "Unity.2D.Aseprite.Editor.csproj", "{26F604D6-E523-E8A0-F93A-1DAD0660D598}"
EndProject
Project("{FAE04EC0-301F-11D3-BF4B-00C04F79EFBC}") = "UnityEditor.UI", "UnityEditor.UI.csproj", "{B561DF1A-F3A5-1089-8121-A3FA45B915AF}"
EndProject
Project("{FAE04EC0-301F-11D3-BF4B-00C04F79EFBC}") = "Unity.2D.Psdimporter.Editor", "Unity.2D.Psdimporter.Editor.csproj", "{EC944AF9-8E40-8AFA-59C1-3655216ED508}"
EndProject
Project("{FAE04EC0-301F-11D3-BF4B-00C04F79EFBC}") = "Unity.2D.Sprite.Editor", "Unity.2D.Sprite.Editor.csproj", "{258A8C80-8E31-2015-67CA-2A1A04029FF2}"
EndProject
Project("{FAE04EC0-301F-11D3-BF4B-00C04F79EFBC}") = "Unity.Mathematics", "Unity.Mathematics.csproj", "{08993C3D-BFD4-5786-BF33-D7788DA1174D}"
EndProject
Project("{FAE04EC0-301F-11D3-BF4B-00C04F79EFBC}") = "Unity.2D.PixelPerfect.Editor", "Unity.2D.PixelPerfect.Editor.csproj", "{80EED1E1-D1E8-4D9A-0529-5E457695F020}"
EndProject
Project("{FAE04EC0-301F-11D3-BF4B-00C04F79EFBC}") = "Unity.2D.Common.Path.Editor", "Unity.2D.Common.Path.Editor.csproj", "{B58462E3-D57C-F806-6E90-DAC4A032B522}"
EndProject
Project("{FAE04EC0-301F-11D3-BF4B-00C04F79EFBC}") = "Unity.2D.IK.Runtime", "Unity.2D.IK.Runtime.csproj", "{B800FB6C-D7A5-C871-7B49-EA7B5224DF62}"
EndProject
Project("{FAE04EC0-301F-11D3-BF4B-00C04F79EFBC}") = "Assembly-CSharp", "Assembly-CSharp.csproj", "{B978A0F3-257D-0D21-15DD-492A8D04B9B0}"
EndProject
Project("{FAE04EC0-301F-11D3-BF4B-00C04F79EFBC}") = "UnityEditor.TestRunner", "UnityEditor.TestRunner.csproj", "{A69A1489-424C-A3BF-8996-309EE26BFD48}"
EndProject
Project("{FAE04EC0-301F-11D3-BF4B-00C04F79EFBC}") = "PsdPlugin", "PsdPlugin.csproj", "{CB3DE1DB-6C92-70EC-14FD-206944AC427E}"
EndProject
Project("{FAE04EC0-301F-11D3-BF4B-00C04F79EFBC}") = "UnityEngine.TestRunner", "UnityEngine.TestRunner.csproj", "{08808058-7AF3-12C6-EE17-5388CA9D7206}"
EndProject
Project("{FAE04EC0-301F-11D3-BF4B-00C04F79EFBC}") = "UnityEngine.UI", "UnityEngine.UI.csproj", "{9AC17419-2306-DC90-FEAA-CE2FD34EEFDF}"
EndProject
Project("{FAE04EC0-301F-11D3-BF4B-00C04F79EFBC}") = "Unity.2D.IK.Editor", "Unity.2D.IK.Editor.csproj", "{AF6F5E77-4B96-E6E5-D5DB-8E8CAC78EF4A}"
EndProject
Project("{FAE04EC0-301F-11D3-BF4B-00C04F79EFBC}") = "Unity.Collections", "Unity.Collections.csproj", "{A3176E04-B00E-E2F9-0842-BC8C7377B0DE}"
EndProject
Project("{FAE04EC0-301F-11D3-BF4B-00C04F79EFBC}") = "Unity.VisualStudio.Editor", "Unity.VisualStudio.Editor.csproj", "{4E7A0E23-9F89-AEFE-8AF6-2D320E9C5818}"
EndProject
Project("{FAE04EC0-301F-11D3-BF4B-00C04F79EFBC}") = "Unity.2D.SpriteShape.Editor", "Unity.2D.SpriteShape.Editor.csproj", "{B3DAEA2F-3800-0E96-F909-FEBF96F4D5E3}"
EndProject
Project("{FAE04EC0-301F-11D3-BF4B-00C04F79EFBC}") = "Unity.2D.Tilemap.Extras.Editor", "Unity.2D.Tilemap.Extras.Editor.csproj", "{ABB7B3C4-8EE1-E0AB-92E1-FA13E4B056D1}"
EndProject
Project("{FAE04EC0-301F-11D3-BF4B-00C04F79EFBC}") = "Unity.2D.PixelPerfect", "Unity.2D.PixelPerfect.csproj", "{6C29E192-B2A2-A7F9-0678-19A89B8D1145}"
EndProject
Project("{FAE04EC0-301F-11D3-BF4B-00C04F79EFBC}") = "Unity.InternalAPIEditorBridge.001", "Unity.InternalAPIEditorBridge.001.csproj", "{BBC15FB2-BB1B-8983-0E77-5C367AD9282A}"
EndProject
Project("{FAE04EC0-301F-11D3-BF4B-00C04F79EFBC}") = "Unity.2D.SpriteShape.Runtime", "Unity.2D.SpriteShape.Runtime.csproj", "{034C484A-D787-AF34-AB71-DFFBB3349478}"
EndProject
Project("{FAE04EC0-301F-11D3-BF4B-00C04F79EFBC}") = "Unity.2D.Animation.Runtime", "Unity.2D.Animation.Runtime.csproj", "{0F242425-FF35-95AD-E977-6683BF6F8397}"
EndProject
Project("{FAE04EC0-301F-11D3-BF4B-00C04F79EFBC}") = "Unity.Burst.CodeGen", "Unity.Burst.CodeGen.csproj", "{73EA4F89-AF17-B24D-E08D-E9958A763E7E}"
EndProject
Project("{FAE04EC0-301F-11D3-BF4B-00C04F79EFBC}") = "Unity.2D.Tilemap.Extras", "Unity.2D.Tilemap.Extras.csproj", "{F3DB6733-A5CC-FC39-4655-8B7FBEE2B768}"
EndProject
Project("{FAE04EC0-301F-11D3-BF4B-00C04F79EFBC}") = "Unity.Burst.Editor", "Unity.Burst.Editor.csproj", "{78A1567C-4AC6-2F85-6F61-A9AEC12ECF2A}"
EndProject
Project("{FAE04EC0-301F-11D3-BF4B-00C04F79EFBC}") = "Unity.Collections.BurstCompatibilityGen", "Unity.Collections.BurstCompatibilityGen.csproj", "{169B66D2-5ED6-81C3-4878-69E449F7A974}"
EndProject
Project("{FAE04EC0-301F-11D3-BF4B-00C04F79EFBC}") = "Unity.VSCode.Editor", "Unity.VSCode.Editor.csproj", "{21ACFF37-432A-B56F-946A-F93C04BB51D5}"
EndProject
Project("{FAE04EC0-301F-11D3-BF4B-00C04F79EFBC}") = "Unity.2D.Aseprite.Common", "Unity.2D.Aseprite.Common.csproj", "{339EBBA5-AB39-EC14-4BBA-8A20F4935657}"
EndProject
Project("{FAE04EC0-301F-11D3-BF4B-00C04F79EFBC}") = "Unity.2D.Common.Editor", "Unity.2D.Common.Editor.csproj", "{077042E0-488D-C712-9A0D-F0EBDD5442C8}"
EndProject
Project("{FAE04EC0-301F-11D3-BF4B-00C04F79EFBC}") = "Unity.InternalAPIEngineBridge.001", "Unity.InternalAPIEngineBridge.001.csproj", "{A3F0B33E-95A7-BB41-9238-0BA57F888063}"
EndProject
Project("{FAE04EC0-301F-11D3-BF4B-00C04F79EFBC}") = "Unity.2D.Common.Runtime", "Unity.2D.Common.Runtime.csproj", "{5B16F1FD-AD7C-BACF-09DD-D3D0A11C0E44}"
EndProject
Project("{FAE04EC0-301F-11D3-BF4B-00C04F79EFBC}") = "Unity.Collections.DocCodeSamples", "Unity.Collections.DocCodeSamples.csproj", "{01B63096-41BD-4659-6910-385BE72B8459}"
EndProject
Project("{FAE04EC0-301F-11D3-BF4B-00C04F79EFBC}") = "Unity.Mathematics.Editor", "Unity.Mathematics.Editor.csproj", "{96BCE5AF-4A95-E6A2-6C7E-379948907B6D}"
EndProject
Global
	GlobalSection(SolutionConfigurationPlatforms) = preSolution
		Debug|Any CPU = Debug|Any CPU
		Release|Any CPU = Release|Any CPU
	EndGlobalSection
	GlobalSection(ProjectConfigurationPlatforms) = postSolution
		{A0C51752-5624-717C-22AA-54F6804E7FCA}.Debug|Any CPU.ActiveCfg = Debug|Any CPU
		{A0C51752-5624-717C-22AA-54F6804E7FCA}.Debug|Any CPU.Build.0 = Debug|Any CPU
		{A0C51752-5624-717C-22AA-54F6804E7FCA}.Release|Any CPU.ActiveCfg = Release|Any CPU
		{A0C51752-5624-717C-22AA-54F6804E7FCA}.Release|Any CPU.Build.0 = Release|Any CPU
		{6E262A4D-A668-D55B-B189-640EF23F8E2C}.Debug|Any CPU.ActiveCfg = Debug|Any CPU
		{6E262A4D-A668-D55B-B189-640EF23F8E2C}.Debug|Any CPU.Build.0 = Debug|Any CPU
		{6E262A4D-A668-D55B-B189-640EF23F8E2C}.Release|Any CPU.ActiveCfg = Release|Any CPU
		{6E262A4D-A668-D55B-B189-640EF23F8E2C}.Release|Any CPU.Build.0 = Release|Any CPU
		{855C02E3-587C-D08A-8C6D-6A8A9B6A26EE}.Debug|Any CPU.ActiveCfg = Debug|Any CPU
		{855C02E3-587C-D08A-8C6D-6A8A9B6A26EE}.Debug|Any CPU.Build.0 = Debug|Any CPU
		{855C02E3-587C-D08A-8C6D-6A8A9B6A26EE}.Release|Any CPU.ActiveCfg = Release|Any CPU
		{855C02E3-587C-D08A-8C6D-6A8A9B6A26EE}.Release|Any CPU.Build.0 = Release|Any CPU
		{26F604D6-E523-E8A0-F93A-1DAD0660D598}.Debug|Any CPU.ActiveCfg = Debug|Any CPU
		{26F604D6-E523-E8A0-F93A-1DAD0660D598}.Debug|Any CPU.Build.0 = Debug|Any CPU
		{26F604D6-E523-E8A0-F93A-1DAD0660D598}.Release|Any CPU.ActiveCfg = Release|Any CPU
		{26F604D6-E523-E8A0-F93A-1DAD0660D598}.Release|Any CPU.Build.0 = Release|Any CPU
		{B561DF1A-F3A5-1089-8121-A3FA45B915AF}.Debug|Any CPU.ActiveCfg = Debug|Any CPU
		{B561DF1A-F3A5-1089-8121-A3FA45B915AF}.Debug|Any CPU.Build.0 = Debug|Any CPU
		{B561DF1A-F3A5-1089-8121-A3FA45B915AF}.Release|Any CPU.ActiveCfg = Release|Any CPU
		{B561DF1A-F3A5-1089-8121-A3FA45B915AF}.Release|Any CPU.Build.0 = Release|Any CPU
		{EC944AF9-8E40-8AFA-59C1-3655216ED508}.Debug|Any CPU.ActiveCfg = Debug|Any CPU
		{EC944AF9-8E40-8AFA-59C1-3655216ED508}.Debug|Any CPU.Build.0 = Debug|Any CPU
		{EC944AF9-8E40-8AFA-59C1-3655216ED508}.Release|Any CPU.ActiveCfg = Release|Any CPU
		{EC944AF9-8E40-8AFA-59C1-3655216ED508}.Release|Any CPU.Build.0 = Release|Any CPU
		{258A8C80-8E31-2015-67CA-2A1A04029FF2}.Debug|Any CPU.ActiveCfg = Debug|Any CPU
		{258A8C80-8E31-2015-67CA-2A1A04029FF2}.Debug|Any CPU.Build.0 = Debug|Any CPU
		{258A8C80-8E31-2015-67CA-2A1A04029FF2}.Release|Any CPU.ActiveCfg = Release|Any CPU
		{258A8C80-8E31-2015-67CA-2A1A04029FF2}.Release|Any CPU.Build.0 = Release|Any CPU
		{08993C3D-BFD4-5786-BF33-D7788DA1174D}.Debug|Any CPU.ActiveCfg = Debug|Any CPU
		{08993C3D-BFD4-5786-BF33-D7788DA1174D}.Debug|Any CPU.Build.0 = Debug|Any CPU
		{08993C3D-BFD4-5786-BF33-D7788DA1174D}.Release|Any CPU.ActiveCfg = Release|Any CPU
		{08993C3D-BFD4-5786-BF33-D7788DA1174D}.Release|Any CPU.Build.0 = Release|Any CPU
		{80EED1E1-D1E8-4D9A-0529-5E457695F020}.Debug|Any CPU.ActiveCfg = Debug|Any CPU
		{80EED1E1-D1E8-4D9A-0529-5E457695F020}.Debug|Any CPU.Build.0 = Debug|Any CPU
		{80EED1E1-D1E8-4D9A-0529-5E457695F020}.Release|Any CPU.ActiveCfg = Release|Any CPU
		{80EED1E1-D1E8-4D9A-0529-5E457695F020}.Release|Any CPU.Build.0 = Release|Any CPU
		{B58462E3-D57C-F806-6E90-DAC4A032B522}.Debug|Any CPU.ActiveCfg = Debug|Any CPU
		{B58462E3-D57C-F806-6E90-DAC4A032B522}.Debug|Any CPU.Build.0 = Debug|Any CPU
		{B58462E3-D57C-F806-6E90-DAC4A032B522}.Release|Any CPU.ActiveCfg = Release|Any CPU
		{B58462E3-D57C-F806-6E90-DAC4A032B522}.Release|Any CPU.Build.0 = Release|Any CPU
		{B800FB6C-D7A5-C871-7B49-EA7B5224DF62}.Debug|Any CPU.ActiveCfg = Debug|Any CPU
		{B800FB6C-D7A5-C871-7B49-EA7B5224DF62}.Debug|Any CPU.Build.0 = Debug|Any CPU
		{B800FB6C-D7A5-C871-7B49-EA7B5224DF62}.Release|Any CPU.ActiveCfg = Release|Any CPU
		{B800FB6C-D7A5-C871-7B49-EA7B5224DF62}.Release|Any CPU.Build.0 = Release|Any CPU
		{B978A0F3-257D-0D21-15DD-492A8D04B9B0}.Debug|Any CPU.ActiveCfg = Debug|Any CPU
		{B978A0F3-257D-0D21-15DD-492A8D04B9B0}.Debug|Any CPU.Build.0 = Debug|Any CPU
		{B978A0F3-257D-0D21-15DD-492A8D04B9B0}.Release|Any CPU.ActiveCfg = Release|Any CPU
		{B978A0F3-257D-0D21-15DD-492A8D04B9B0}.Release|Any CPU.Build.0 = Release|Any CPU
		{A69A1489-424C-A3BF-8996-309EE26BFD48}.Debug|Any CPU.ActiveCfg = Debug|Any CPU
		{A69A1489-424C-A3BF-8996-309EE26BFD48}.Debug|Any CPU.Build.0 = Debug|Any CPU
		{A69A1489-424C-A3BF-8996-309EE26BFD48}.Release|Any CPU.ActiveCfg = Release|Any CPU
		{A69A1489-424C-A3BF-8996-309EE26BFD48}.Release|Any CPU.Build.0 = Release|Any CPU
		{CB3DE1DB-6C92-70EC-14FD-206944AC427E}.Debug|Any CPU.ActiveCfg = Debug|Any CPU
		{CB3DE1DB-6C92-70EC-14FD-206944AC427E}.Debug|Any CPU.Build.0 = Debug|Any CPU
		{CB3DE1DB-6C92-70EC-14FD-206944AC427E}.Release|Any CPU.ActiveCfg = Release|Any CPU
		{CB3DE1DB-6C92-70EC-14FD-206944AC427E}.Release|Any CPU.Build.0 = Release|Any CPU
		{08808058-7AF3-12C6-EE17-5388CA9D7206}.Debug|Any CPU.ActiveCfg = Debug|Any CPU
		{08808058-7AF3-12C6-EE17-5388CA9D7206}.Debug|Any CPU.Build.0 = Debug|Any CPU
		{08808058-7AF3-12C6-EE17-5388CA9D7206}.Release|Any CPU.ActiveCfg = Release|Any CPU
		{08808058-7AF3-12C6-EE17-5388CA9D7206}.Release|Any CPU.Build.0 = Release|Any CPU
		{9AC17419-2306-DC90-FEAA-CE2FD34EEFDF}.Debug|Any CPU.ActiveCfg = Debug|Any CPU
		{9AC17419-2306-DC90-FEAA-CE2FD34EEFDF}.Debug|Any CPU.Build.0 = Debug|Any CPU
		{9AC17419-2306-DC90-FEAA-CE2FD34EEFDF}.Release|Any CPU.ActiveCfg = Release|Any CPU
		{9AC17419-2306-DC90-FEAA-CE2FD34EEFDF}.Release|Any CPU.Build.0 = Release|Any CPU
		{AF6F5E77-4B96-E6E5-D5DB-8E8CAC78EF4A}.Debug|Any CPU.ActiveCfg = Debug|Any CPU
		{AF6F5E77-4B96-E6E5-D5DB-8E8CAC78EF4A}.Debug|Any CPU.Build.0 = Debug|Any CPU
		{AF6F5E77-4B96-E6E5-D5DB-8E8CAC78EF4A}.Release|Any CPU.ActiveCfg = Release|Any CPU
		{AF6F5E77-4B96-E6E5-D5DB-8E8CAC78EF4A}.Release|Any CPU.Build.0 = Release|Any CPU
		{A3176E04-B00E-E2F9-0842-BC8C7377B0DE}.Debug|Any CPU.ActiveCfg = Debug|Any CPU
		{A3176E04-B00E-E2F9-0842-BC8C7377B0DE}.Debug|Any CPU.Build.0 = Debug|Any CPU
		{A3176E04-B00E-E2F9-0842-BC8C7377B0DE}.Release|Any CPU.ActiveCfg = Release|Any CPU
		{A3176E04-B00E-E2F9-0842-BC8C7377B0DE}.Release|Any CPU.Build.0 = Release|Any CPU
		{4E7A0E23-9F89-AEFE-8AF6-2D320E9C5818}.Debug|Any CPU.ActiveCfg = Debug|Any CPU
		{4E7A0E23-9F89-AEFE-8AF6-2D320E9C5818}.Debug|Any CPU.Build.0 = Debug|Any CPU
		{4E7A0E23-9F89-AEFE-8AF6-2D320E9C5818}.Release|Any CPU.ActiveCfg = Release|Any CPU
		{4E7A0E23-9F89-AEFE-8AF6-2D320E9C5818}.Release|Any CPU.Build.0 = Release|Any CPU
		{B3DAEA2F-3800-0E96-F909-FEBF96F4D5E3}.Debug|Any CPU.ActiveCfg = Debug|Any CPU
		{B3DAEA2F-3800-0E96-F909-FEBF96F4D5E3}.Debug|Any CPU.Build.0 = Debug|Any CPU
		{B3DAEA2F-3800-0E96-F909-FEBF96F4D5E3}.Release|Any CPU.ActiveCfg = Release|Any CPU
		{B3DAEA2F-3800-0E96-F909-FEBF96F4D5E3}.Release|Any CPU.Build.0 = Release|Any CPU
		{ABB7B3C4-8EE1-E0AB-92E1-FA13E4B056D1}.Debug|Any CPU.ActiveCfg = Debug|Any CPU
		{ABB7B3C4-8EE1-E0AB-92E1-FA13E4B056D1}.Debug|Any CPU.Build.0 = Debug|Any CPU
		{ABB7B3C4-8EE1-E0AB-92E1-FA13E4B056D1}.Release|Any CPU.ActiveCfg = Release|Any CPU
		{ABB7B3C4-8EE1-E0AB-92E1-FA13E4B056D1}.Release|Any CPU.Build.0 = Release|Any CPU
		{6C29E192-B2A2-A7F9-0678-19A89B8D1145}.Debug|Any CPU.ActiveCfg = Debug|Any CPU
		{6C29E192-B2A2-A7F9-0678-19A89B8D1145}.Debug|Any CPU.Build.0 = Debug|Any CPU
		{6C29E192-B2A2-A7F9-0678-19A89B8D1145}.Release|Any CPU.ActiveCfg = Release|Any CPU
		{6C29E192-B2A2-A7F9-0678-19A89B8D1145}.Release|Any CPU.Build.0 = Release|Any CPU
		{BBC15FB2-BB1B-8983-0E77-5C367AD9282A}.Debug|Any CPU.ActiveCfg = Debug|Any CPU
		{BBC15FB2-BB1B-8983-0E77-5C367AD9282A}.Debug|Any CPU.Build.0 = Debug|Any CPU
		{BBC15FB2-BB1B-8983-0E77-5C367AD9282A}.Release|Any CPU.ActiveCfg = Release|Any CPU
		{BBC15FB2-BB1B-8983-0E77-5C367AD9282A}.Release|Any CPU.Build.0 = Release|Any CPU
		{034C484A-D787-AF34-AB71-DFFBB3349478}.Debug|Any CPU.ActiveCfg = Debug|Any CPU
		{034C484A-D787-AF34-AB71-DFFBB3349478}.Debug|Any CPU.Build.0 = Debug|Any CPU
		{034C484A-D787-AF34-AB71-DFFBB3349478}.Release|Any CPU.ActiveCfg = Release|Any CPU
		{034C484A-D787-AF34-AB71-DFFBB3349478}.Release|Any CPU.Build.0 = Release|Any CPU
		{0F242425-FF35-95AD-E977-6683BF6F8397}.Debug|Any CPU.ActiveCfg = Debug|Any CPU
		{0F242425-FF35-95AD-E977-6683BF6F8397}.Debug|Any CPU.Build.0 = Debug|Any CPU
		{0F242425-FF35-95AD-E977-6683BF6F8397}.Release|Any CPU.ActiveCfg = Release|Any CPU
		{0F242425-FF35-95AD-E977-6683BF6F8397}.Release|Any CPU.Build.0 = Release|Any CPU
		{73EA4F89-AF17-B24D-E08D-E9958A763E7E}.Debug|Any CPU.ActiveCfg = Debug|Any CPU
		{73EA4F89-AF17-B24D-E08D-E9958A763E7E}.Debug|Any CPU.Build.0 = Debug|Any CPU
		{73EA4F89-AF17-B24D-E08D-E9958A763E7E}.Release|Any CPU.ActiveCfg = Release|Any CPU
		{73EA4F89-AF17-B24D-E08D-E9958A763E7E}.Release|Any CPU.Build.0 = Release|Any CPU
		{F3DB6733-A5CC-FC39-4655-8B7FBEE2B768}.Debug|Any CPU.ActiveCfg = Debug|Any CPU
		{F3DB6733-A5CC-FC39-4655-8B7FBEE2B768}.Debug|Any CPU.Build.0 = Debug|Any CPU
		{F3DB6733-A5CC-FC39-4655-8B7FBEE2B768}.Release|Any CPU.ActiveCfg = Release|Any CPU
		{F3DB6733-A5CC-FC39-4655-8B7FBEE2B768}.Release|Any CPU.Build.0 = Release|Any CPU
		{78A1567C-4AC6-2F85-6F61-A9AEC12ECF2A}.Debug|Any CPU.ActiveCfg = Debug|Any CPU
		{78A1567C-4AC6-2F85-6F61-A9AEC12ECF2A}.Debug|Any CPU.Build.0 = Debug|Any CPU
		{78A1567C-4AC6-2F85-6F61-A9AEC12ECF2A}.Release|Any CPU.ActiveCfg = Release|Any CPU
		{78A1567C-4AC6-2F85-6F61-A9AEC12ECF2A}.Release|Any CPU.Build.0 = Release|Any CPU
		{169B66D2-5ED6-81C3-4878-69E449F7A974}.Debug|Any CPU.ActiveCfg = Debug|Any CPU
		{169B66D2-5ED6-81C3-4878-69E449F7A974}.Debug|Any CPU.Build.0 = Debug|Any CPU
		{169B66D2-5ED6-81C3-4878-69E449F7A974}.Release|Any CPU.ActiveCfg = Release|Any CPU
		{169B66D2-5ED6-81C3-4878-69E449F7A974}.Release|Any CPU.Build.0 = Release|Any CPU
		{21ACFF37-432A-B56F-946A-F93C04BB51D5}.Debug|Any CPU.ActiveCfg = Debug|Any CPU
		{21ACFF37-432A-B56F-946A-F93C04BB51D5}.Debug|Any CPU.Build.0 = Debug|Any CPU
		{21ACFF37-432A-B56F-946A-F93C04BB51D5}.Release|Any CPU.ActiveCfg = Release|Any CPU
		{21ACFF37-432A-B56F-946A-F93C04BB51D5}.Release|Any CPU.Build.0 = Release|Any CPU
		{339EBBA5-AB39-EC14-4BBA-8A20F4935657}.Debug|Any CPU.ActiveCfg = Debug|Any CPU
		{339EBBA5-AB39-EC14-4BBA-8A20F4935657}.Debug|Any CPU.Build.0 = Debug|Any CPU
		{339EBBA5-AB39-EC14-4BBA-8A20F4935657}.Release|Any CPU.ActiveCfg = Release|Any CPU
		{339EBBA5-AB39-EC14-4BBA-8A20F4935657}.Release|Any CPU.Build.0 = Release|Any CPU
		{077042E0-488D-C712-9A0D-F0EBDD5442C8}.Debug|Any CPU.ActiveCfg = Debug|Any CPU
		{077042E0-488D-C712-9A0D-F0EBDD5442C8}.Debug|Any CPU.Build.0 = Debug|Any CPU
		{077042E0-488D-C712-9A0D-F0EBDD5442C8}.Release|Any CPU.ActiveCfg = Release|Any CPU
		{077042E0-488D-C712-9A0D-F0EBDD5442C8}.Release|Any CPU.Build.0 = Release|Any CPU
		{A3F0B33E-95A7-BB41-9238-0BA57F888063}.Debug|Any CPU.ActiveCfg = Debug|Any CPU
		{A3F0B33E-95A7-BB41-9238-0BA57F888063}.Debug|Any CPU.Build.0 = Debug|Any CPU
		{A3F0B33E-95A7-BB41-9238-0BA57F888063}.Release|Any CPU.ActiveCfg = Release|Any CPU
		{A3F0B33E-95A7-BB41-9238-0BA57F888063}.Release|Any CPU.Build.0 = Release|Any CPU
		{5B16F1FD-AD7C-BACF-09DD-D3D0A11C0E44}.Debug|Any CPU.ActiveCfg = Debug|Any CPU
		{5B16F1FD-AD7C-BACF-09DD-D3D0A11C0E44}.Debug|Any CPU.Build.0 = Debug|Any CPU
		{5B16F1FD-AD7C-BACF-09DD-D3D0A11C0E44}.Release|Any CPU.ActiveCfg = Release|Any CPU
		{5B16F1FD-AD7C-BACF-09DD-D3D0A11C0E44}.Release|Any CPU.Build.0 = Release|Any CPU
		{01B63096-41BD-4659-6910-385BE72B8459}.Debug|Any CPU.ActiveCfg = Debug|Any CPU
		{01B63096-41BD-4659-6910-385BE72B8459}.Debug|Any CPU.Build.0 = Debug|Any CPU
		{01B63096-41BD-4659-6910-385BE72B8459}.Release|Any CPU.ActiveCfg = Release|Any CPU
		{01B63096-41BD-4659-6910-385BE72B8459}.Release|Any CPU.Build.0 = Release|Any CPU
		{96BCE5AF-4A95-E6A2-6C7E-379948907B6D}.Debug|Any CPU.ActiveCfg = Debug|Any CPU
		{96BCE5AF-4A95-E6A2-6C7E-379948907B6D}.Debug|Any CPU.Build.0 = Debug|Any CPU
		{96BCE5AF-4A95-E6A2-6C7E-379948907B6D}.Release|Any CPU.ActiveCfg = Release|Any CPU
		{96BCE5AF-4A95-E6A2-6C7E-379948907B6D}.Release|Any CPU.Build.0 = Release|Any CPU
	EndGlobalSection
	GlobalSection(SolutionProperties) = preSolution
		HideSolutionNode = FALSE
	EndGlobalSection
EndGlobal
